
Microsoft Visual Studio Solution File, Format Version 12.00
# Visual Studio Version 17
VisualStudioVersion = 17.3.32929.385
MinimumVisualStudioVersion = 10.0.40219.1
Project("{FAE04EC0-301F-11D3-BF4B-00C04F79EFBC}") = "docfile", "docfile.csproj", "{A779EF2C-68A8-4D83-B303-CF22E9A884DE}"
EndProject
Global
	GlobalSection(SolutionConfigurationPlatforms) = preSolution
		Debug|Any CPU = Debug|Any CPU
		Release|Any CPU = Release|Any CPU
	EndGlobalSection
	GlobalSection(ProjectConfigurationPlatforms) = postSolution
		{A779EF2C-68A8-4D83-B303-CF22E9A884DE}.Debug|Any CPU.ActiveCfg = Debug|Any CPU
		{A779EF2C-68A8-4D83-B303-CF22E9A884DE}.Debug|Any CPU.Build.0 = Debug|Any CPU
		{A779EF2C-68A8-4D83-B303-CF22E9A884DE}.Release|Any CPU.ActiveCfg = Release|Any CPU
		{A779EF2C-68A8-4D83-B303-CF22E9A884DE}.Release|Any CPU.Build.0 = Release|Any CPU
	EndGlobalSection
	GlobalSection(SolutionProperties) = preSolution
		HideSolutionNode = FALSE
	EndGlobalSection
	GlobalSection(ExtensibilityGlobals) = postSolution
		SolutionGuid = {9245074C-FA97-4998-88A3-F59C3C3D7672}
	EndGlobalSection
EndGlobal
